github.com/harehare/textusm v0.0.0-20190511133312-4844752ec5e2 h1:gRm2c4P3kvnTp3yqzH8cMCiZyrEn7jMeFenfZJmMIlI=
github.com/kelseyhightower/envconfig v1.3.0 h1:IvRS4f2VcIQy6j4ORGIf9145T/AsUB+oY8LyvN8BXNM=
github.com/kelseyhightower/envconfig v1.3.0/go.mod h1:cccZRl6mQpaq41TPp5QxidR+Sa3axMbJDNb//FQX6Gg=
github.com/mrjones/oauth v0.0.0-20180629183705-f4e24b6d100c h1:3wkDRdxK92dF+c1ke2dtj7ZzemFWBHB9plnJOtlwdFA=
github.com/mrjones/oauth v0.0.0-20180629183705-f4e24b6d100c/go.mod h1:skjdDftzkFALcuGzYSklqYd8gvat6F1gZJ4YPVbkZpM=
github.com/pkg/errors v0.8.1 h1:iURUrRGxPUNPdy5/HRSm+Yj6okJ6UtLINN0Q9M4+h3I=
github.com/pkg/errors v0.8.1/go.mod h1:bwawxfHBFNV+L2hUp1rHADufV3IMtnDRdf1r5NINEl0=
